
Microsoft Visual Studio Solution File, Format Version 12.00
# Visual Studio Version 16
VisualStudioVersion = 16.0.31424.327
MinimumVisualStudioVersion = 10.0.40219.1
Project("{FAE04EC0-301F-11D3-BF4B-00C04F79EFBC}") = "TokaFront", "TokaFront\TokaFront.csproj", "{FE97EB10-F7B5-4C0D-91DD-DA92BBD61105}"
EndProject
Global
	GlobalSection(SolutionConfigurationPlatforms) = preSolution
		Debug|Any CPU = Debug|Any CPU
		Release|Any CPU = Release|Any CPU
	EndGlobalSection
	GlobalSection(ProjectConfigurationPlatforms) = postSolution
		{FE97EB10-F7B5-4C0D-91DD-DA92BBD61105}.Debug|Any CPU.ActiveCfg = Debug|Any CPU
		{FE97EB10-F7B5-4C0D-91DD-DA92BBD61105}.Debug|Any CPU.Build.0 = Debug|Any CPU
		{FE97EB10-F7B5-4C0D-91DD-DA92BBD61105}.Release|Any CPU.ActiveCfg = Release|Any CPU
		{FE97EB10-F7B5-4C0D-91DD-DA92BBD61105}.Release|Any CPU.Build.0 = Release|Any CPU
	EndGlobalSection
	GlobalSection(SolutionProperties) = preSolution
		HideSolutionNode = FALSE
	EndGlobalSection
	GlobalSection(ExtensibilityGlobals) = postSolution
		SolutionGuid = {A08ABB85-131B-4EBC-A53B-53B9499EAB50}
	EndGlobalSection
EndGlobal
